// !$*UTF8*$!
{
	archiveVersion = 1;
	classes = {
	};
	objectVersion = 56;
	objects = {

/* Begin PBXBuildFile section */
		7CD295B52C1C810100CCB8DD /* ClockApp.swift in Sources */ = {isa = PBXBuildFile; fileRef = 7CD295B42C1C810100CCB8DD /* ClockApp.swift */; };
		7CD295B72C1C810100CCB8DD /* ContentView.swift in Sources */ = {isa = PBXBuildFile; fileRef = 7CD295B62C1C810100CCB8DD /* ContentView.swift */; };
		7CD295B92C1C810200CCB8DD /* Assets.xcassets in Resources */ = {isa = PBXBuildFile; fileRef = 7CD295B82C1C810200CCB8DD /* Assets.xcassets */; };
		7CD295BC2C1C810200CCB8DD /* Preview Assets.xcassets in Resources */ = {isa = PBXBuildFile; fileRef = 7CD295BB2C1C810200CCB8DD /* Preview Assets.xcassets */; };
		7CD295C62C1C810200CCB8DD /* ClockTests.swift in Sources */ = {isa = PBXBuildFile; fileRef = 7CD295C52C1C810200CCB8DD /* ClockTests.swift */; };
		7CD295D02C1C810200CCB8DD /* ClockUITests.swift in Sources */ = {isa = PBXBuildFile; fileRef = 7CD295CF2C1C810200CCB8DD /* ClockUITests.swift */; };
		7CD295D22C1C810200CCB8DD /* ClockUITestsLaunchTests.swift in Sources */ = {isa = PBXBuildFile; fileRef = 7CD295D12C1C810200CCB8DD /* ClockUITestsLaunchTests.swift */; };
		7CD295E32C1C8D4D00CCB8DD /* AlarmSound.mp3 in Resources */ = {isa = PBXBuildFile; fileRef = 7CD295E22C1C8D4D00CCB8DD /* AlarmSound.mp3 */; };
/* End PBXBuildFile section */

/* Begin PBXContainerItemProxy section */
		7CD295C22C1C810200CCB8DD /* PBXContainerItemProxy */ = {
			isa = PBXContainerItemProxy;
			containerPortal = 7CD295A92C1C810100CCB8DD /* Project object */;
			proxyType = 1;
			remoteGlobalIDString = 7CD295B02C1C810100CCB8DD;
			remoteInfo = Clock;
		};
		7CD295CC2C1C810200CCB8DD /* PBXContainerItemProxy */ = {
			isa = PBXContainerItemProxy;
			containerPortal = 7CD295A92C1C810100CCB8DD /* Project object */;
			proxyType = 1;
			remoteGlobalIDString = 7CD295B02C1C810100CCB8DD;
			remoteInfo = Clock;
		};
/* End PBXContainerItemProxy section */

/* Begin PBXFileReference section */
		7CD295B12C1C810100CCB8DD /* Clock.app */ = {isa = PBXFileReference; explicitFileType = wrapper.application; includeInIndex = 0; path = Clock.app; sourceTree = BUILT_PRODUCTS_DIR; };
		7CD295B42C1C810100CCB8DD /* ClockApp.swift */ = {isa = PBXFileReference; lastKnownFileType = sourcecode.swift; path = ClockApp.swift; sourceTree = "<group>"; };
		7CD295B62C1C810100CCB8DD /* ContentView.swift */ = {isa = PBXFileReference; lastKnownFileType = sourcecode.swift; path = ContentView.swift; sourceTree = "<group>"; };
		7CD295B82C1C810200CCB8DD /* Assets.xcassets */ = {isa = PBXFileReference; lastKnownFileType = folder.assetcatalog; path = Assets.xcassets; sourceTree = "<group>"; };
		7CD295BB2C1C810200CCB8DD /* Preview Assets.xcassets */ = {isa = PBXFileReference; lastKnownFileType = folder.assetcatalog; path = "Preview Assets.xcassets"; sourceTree = "<group>"; };
		7CD295C12C1C810200CCB8DD /* ClockTests.xctest */ = {isa = PBXFileReference; explicitFileType = wrapper.cfbundle; includeInIndex = 0; path = ClockTests.xctest; sourceTree = BUILT_PRODUCTS_DIR; };
		7CD295C52C1C810200CCB8DD /* ClockTests.swift */ = {isa = PBXFileReference; lastKnownFileType = sourcecode.swift; path = ClockTests.swift; sourceTree = "<group>"; };
		7CD295CB2C1C810200CCB8DD /* ClockUITests.xctest */ = {isa = PBXFileReference; explicitFileType = wrapper.cfbundle; includeInIndex = 0; path = ClockUITests.xctest; sourceTree = BUILT_PRODUCTS_DIR; };
		7CD295CF2C1C810200CCB8DD /* ClockUITests.swift */ = {isa = PBXFileReference; lastKnownFileType = sourcecode.swift; path = ClockUITests.swift; sourceTree = "<group>"; };
		7CD295D12C1C810200CCB8DD /* ClockUITestsLaunchTests.swift */ = {isa = PBXFileReference; lastKnownFileType = sourcecode.swift; path = ClockUITestsLaunchTests.swift; sourceTree = "<group>"; };
		7CD295E22C1C8D4D00CCB8DD /* AlarmSound.mp3 */ = {isa = PBXFileReference; lastKnownFileType = audio.mp3; name = AlarmSound.mp3; path = ../../../../Downloads/AlarmSound.mp3; sourceTree = "<group>"; };
		7CD295E42C1C8D5400CCB8DD /* AlarmSound.mp3 */ = {isa = PBXFileReference; lastKnownFileType = audio.mp3; path = AlarmSound.mp3; sourceTree = "<group>"; };
/* End PBXFileReference section */

/* Begin PBXFrameworksBuildPhase section */
		7CD295AE2C1C810100CCB8DD /* Frameworks */ = {
			isa = PBXFrameworksBuildPhase;
			buildActionMask = 2147483647;
			files = (
			);
			runOnlyForDeploymentPostprocessing = 0;
		};
		7CD295BE2C1C810200CCB8DD /* Frameworks */ = {
			isa = PBXFrameworksBuildPhase;
			buildActionMask = 2147483647;
			files = (
			);
			runOnlyForDeploymentPostprocessing = 0;
		};
		7CD295C82C1C810200CCB8DD /* Frameworks */ = {
			isa = PBXFrameworksBuildPhase;
			buildActionMask = 2147483647;
			files = (
			);
			runOnlyForDeploymentPostprocessing = 0;
		};
/* End PBXFrameworksBuildPhase section */

/* Begin PBXGroup section */
		7CD295A82C1C810100CCB8DD = {
			isa = PBXGroup;
			children = (
				7CD295E22C1C8D4D00CCB8DD /* AlarmSound.mp3 */,
				7CD295B32C1C810100CCB8DD /* Clock */,
				7CD295C42C1C810200CCB8DD /* ClockTests */,
				7CD295CE2C1C810200CCB8DD /* ClockUITests */,
				7CD295B22C1C810100CCB8DD /* Products */,
			);
			sourceTree = "<group>";
		};
		7CD295B22C1C810100CCB8DD /* Products */ = {
			isa = PBXGroup;
			children = (
				7CD295B12C1C810100CCB8DD /* Clock.app */,
				7CD295C12C1C810200CCB8DD /* ClockTests.xctest */,
				7CD295CB2C1C810200CCB8DD /* ClockUITests.xctest */,
			);
			name = Products;
			sourceTree = "<group>";
		};
		7CD295B32C1C810100CCB8DD /* Clock */ = {
			isa = PBXGroup;
			children = (
				7CD295E42C1C8D5400CCB8DD /* AlarmSound.mp3 */,
				7CD295B42C1C810100CCB8DD /* ClockApp.swift */,
				7CD295B62C1C810100CCB8DD /* ContentView.swift */,
				7CD295B82C1C810200CCB8DD /* Assets.xcassets */,
				7CD295BA2C1C810200CCB8DD /* Preview Content */,
			);
			path = Clock;
			sourceTree = "<group>";
		};
		7CD295BA2C1C810200CCB8DD /* Preview Content */ = {
			isa = PBXGroup;
			children = (
				7CD295BB2C1C810200CCB8DD /* Preview Assets.xcassets */,
			);
			path = "Preview Content";
			sourceTree = "<group>";
		};
		7CD295C42C1C810200CCB8DD /* ClockTests */ = {
			isa = PBXGroup;
			children = (
				7CD295C52C1C810200CCB8DD /* ClockTests.swift */,
			);
			path = ClockTests;
			sourceTree = "<group>";
		};
		7CD295CE2C1C810200CCB8DD /* ClockUITests */ = {
			isa = PBXGroup;
			children = (
				7CD295CF2C1C810200CCB8DD /* ClockUITests.swift */,
				7CD295D12C1C810200CCB8DD /* ClockUITestsLaunchTests.swift */,
			);
			path = ClockUITests;
			sourceTree = "<group>";
		};
/* End PBXGroup section */

/* Begin PBXNativeTarget section */
		7CD295B02C1C810100CCB8DD /* Clock */ = {
			isa = PBXNativeTarget;
			buildConfigurationList = 7CD295D52C1C810200CCB8DD /* Build configuration list for PBXNativeTarget "Clock" */;
			buildPhases = (
				7CD295AD2C1C810100CCB8DD /* Sources */,
				7CD295AE2C1C810100CCB8DD /* Frameworks */,
				7CD295AF2C1C810100CCB8DD /* Resources */,
			);
			buildRules = (
			);
			dependencies = (
			);
			name = Clock;
			productName = Clock;
			productReference = 7CD295B12C1C810100CCB8DD /* Clock.app */;
			productType = "com.apple.product-type.application";
		};
		7CD295C02C1C810200CCB8DD /* ClockTests */ = {
			isa = PBXNativeTarget;
			buildConfigurationList = 7CD295D82C1C810200CCB8DD /* Build configuration list for PBXNativeTarget "ClockTests" */;
			buildPhases = (
				7CD295BD2C1C810200CCB8DD /* Sources */,
				7CD295BE2C1C810200CCB8DD /* Frameworks */,
				7CD295BF2C1C810200CCB8DD /* Resources */,
			);
			buildRules = (
			);
			dependencies = (
				7CD295C32C1C810200CCB8DD /* PBXTargetDependency */,
			);
			name = ClockTests;
			productName = ClockTests;
			productReference = 7CD295C12C1C810200CCB8DD /* ClockTests.xctest */;
			productType = "com.apple.product-type.bundle.unit-test";
		};
		7CD295CA2C1C810200CCB8DD /* ClockUITests */ = {
			isa = PBXNativeTarget;
			buildConfigurationList = 7CD295DB2C1C810200CCB8DD /* Build configuration list for PBXNativeTarget "ClockUITests" */;
			buildPhases = (
				7CD295C72C1C810200CCB8DD /* Sources */,
				7CD295C82C1C810200CCB8DD /* Frameworks */,
				7CD295C92C1C810200CCB8DD /* Resources */,
			);
			buildRules = (
			);
			dependencies = (
				7CD295CD2C1C810200CCB8DD /* PBXTargetDependency */,
			);
			name = ClockUITests;
			productName = ClockUITests;
			productReference = 7CD295CB2C1C810200CCB8DD /* ClockUITests.xctest */;
			productType = "com.apple.product-type.bundle.ui-testing";
		};
/* End PBXNativeTarget section */

/* Begin PBXProject section */
		7CD295A92C1C810100CCB8DD /* Project object */ = {
			isa = PBXProject;
			attributes = {
				BuildIndependentTargetsInParallel = 1;
				LastSwiftUpdateCheck = 1540;
				LastUpgradeCheck = 1540;
				TargetAttributes = {
					7CD295B02C1C810100CCB8DD = {
						CreatedOnToolsVersion = 15.4;
					};
					7CD295C02C1C810200CCB8DD = {
						CreatedOnToolsVersion = 15.4;
						TestTargetID = 7CD295B02C1C810100CCB8DD;
					};
					7CD295CA2C1C810200CCB8DD = {
						CreatedOnToolsVersion = 15.4;
						TestTargetID = 7CD295B02C1C810100CCB8DD;
					};
				};
			};
			buildConfigurationList = 7CD295AC2C1C810100CCB8DD /* Build configuration list for PBXProject "Clock" */;
			compatibilityVersion = "Xcode 14.0";
			developmentRegion = en;
			hasScannedForEncodings = 0;
			knownRegions = (
				en,
				Base,
			);
			mainGroup = 7CD295A82C1C810100CCB8DD;
			productRefGroup = 7CD295B22C1C810100CCB8DD /* Products */;
			projectDirPath = "";
			projectRoot = "";
			targets = (
				7CD295B02C1C810100CCB8DD /* Clock */,
				7CD295C02C1C810200CCB8DD /* ClockTests */,
				7CD295CA2C1C810200CCB8DD /* ClockUITests */,
			);
		};
/* End PBXProject section */

/* Begin PBXResourcesBuildPhase section */
		7CD295AF2C1C810100CCB8DD /* Resources */ = {
			isa = PBXResourcesBuildPhase;
			buildActionMask = 2147483647;
			files = (
				7CD295BC2C1C810200CCB8DD /* Preview Assets.xcassets in Resources */,
				7CD295E32C1C8D4D00CCB8DD /* AlarmSound.mp3 in Resources */,
				7CD295B92C1C810200CCB8DD /* Assets.xcassets in Resources */,
			);
			runOnlyForDeploymentPostprocessing = 0;
		};
		7CD295BF2C1C810200CCB8DD /* Resources */ = {
			isa = PBXResourcesBuildPhase;
			buildActionMask = 2147483647;
			files = (
			);
			runOnlyForDeploymentPostprocessing = 0;
		};
		7CD295C92C1C810200CCB8DD /* Resources */ = {
			isa = PBXResourcesBuildPhase;
			buildActionMask = 2147483647;
			files = (
			);
			runOnlyForDeploymentPostprocessing = 0;
		};
/* End PBXResourcesBuildPhase section */

/* Begin PBXSourcesBuildPhase section */
		7CD295AD2C1C810100CCB8DD /* Sources */ = {
			isa = PBXSourcesBuildPhase;
			buildActionMask = 2147483647;
			files = (
				7CD295B72C1C810100CCB8DD /* ContentView.swift in Sources */,
				7CD295B52C1C810100CCB8DD /* ClockApp.swift in Sources */,
			);
			runOnlyForDeploymentPostprocessing = 0;
		};
		7CD295BD2C1C810200CCB8DD /* Sources */ = {
			isa = PBXSourcesBuildPhase;
			buildActionMask = 2147483647;
			files = (
				7CD295C62C1C810200CCB8DD /* ClockTests.swift in Sources */,
			);
			runOnlyForDeploymentPostprocessing = 0;
		};
		7CD295C72C1C810200CCB8DD /* Sources */ = {
			isa = PBXSourcesBuildPhase;
			buildActionMask = 2147483647;
			files = (
				7CD295D02C1C810200CCB8DD /* ClockUITests.swift in Sources */,
				7CD295D22C1C810200CCB8DD /* ClockUITestsLaunchTests.swift in Sources */,
			);
			runOnlyForDeploymentPostprocessing = 0;
		};
/* End PBXSourcesBuildPhase section */

/* Begin PBXTargetDependency section */
		7CD295C32C1C810200CCB8DD /* PBXTargetDependency */ = {
			isa = PBXTargetDependency;
			target = 7CD295B02C1C810100CCB8DD /* Clock */;
			targetProxy = 7CD295C22C1C810200CCB8DD /* PBXContainerItemProxy */;
		};
		7CD295CD2C1C810200CCB8DD /* PBXTargetDependency */ = {
			isa = PBXTargetDependency;
			target = 7CD295B02C1C810100CCB8DD /* Clock */;
			targetProxy = 7CD295CC2C1C810200CCB8DD /* PBXContainerItemProxy */;
		};
/* End PBXTargetDependency section */

/* Begin XCBuildConfiguration section */
		7CD295D32C1C810200CCB8DD /* Debug */ = {
			isa = XCBuildConfiguration;
			buildSettings = {
				ALWAYS_SEARCH_USER_PATHS = NO;
				ASSETCATALOG_COMPILER_GENERATE_SWIFT_ASSET_SYMBOL_EXTENSIONS = YES;
				CLANG_ANALYZER_NONNULL = YES;
				CLANG_ANALYZER_NUMBER_OBJECT_CONVERSION = YES_AGGRESSIVE;
				CLANG_CXX_LANGUAGE_STANDARD = "gnu++20";
				CLANG_ENABLE_MODULES = YES;
				CLANG_ENABLE_OBJC_ARC = YES;
				CLANG_ENABLE_OBJC_WEAK = YES;
				CLANG_WARN_BLOCK_CAPTURE_AUTORELEASING = YES;
				CLANG_WARN_BOOL_CONVERSION = YES;
				CLANG_WARN_COMMA = YES;
				CLANG_WARN_CONSTANT_CONVERSION = YES;
				CLANG_WARN_DEPRECATED_OBJC_IMPLEMENTATIONS = YES;
				CLANG_WARN_DIRECT_OBJC_ISA_USAGE = YES_ERROR;
				CLANG_WARN_DOCUMENTATION_COMMENTS = YES;
				CLANG_WARN_EMPTY_BODY = YES;
				CLANG_WARN_ENUM_CONVERSION = YES;
				CLANG_WARN_INFINITE_RECURSION = YES;
				CLANG_WARN_INT_CONVERSION = YES;
				CLANG_WARN_NON_LITERAL_NULL_CONVERSION = YES;
				CLANG_WARN_OBJC_IMPLICIT_RETAIN_SELF = YES;
				CLANG_WARN_OBJC_LITERAL_CONVERSION = YES;
				CLANG_WARN_OBJC_ROOT_CLASS = YES_ERROR;
				CLANG_WARN_QUOTED_INCLUDE_IN_FRAMEWORK_HEADER = YES;
				CLANG_WARN_RANGE_LOOP_ANALYSIS = YES;
				CLANG_WARN_STRICT_PROTOTYPES = YES;
				CLANG_WARN_SUSPICIOUS_MOVE = YES;
				CLANG_WARN_UNGUARDED_AVAILABILITY = YES_AGGRESSIVE;
				CLANG_WARN_UNREACHABLE_CODE = YES;
				CLANG_WARN__DUPLICATE_METHOD_MATCH = YES;
				COPY_PHASE_STRIP = NO;
				DEBUG_INFORMATION_FORMAT = dwarf;
				ENABLE_STRICT_OBJC_MSGSEND = YES;
				ENABLE_TESTABILITY = YES;
				ENABLE_USER_SCRIPT_SANDBOXING = YES;
				GCC_C_LANGUAGE_STANDARD = gnu17;
				GCC_DYNAMIC_NO_PIC = NO;
				GCC_NO_COMMON_BLOCKS = YES;
				GCC_OPTIMIZATION_LEVEL = 0;
				GCC_PREPROCESSOR_DEFINITIONS = (
					"DEBUG=1",
					"$(inherited)",
				);
				GCC_WARN_64_TO_32_BIT_CONVERSION = YES;
				GCC_WARN_ABOUT_RETURN_TYPE = YES_ERROR;
				GCC_WARN_UNDECLARED_SELECTOR = YES;
				GCC_WARN_UNINITIALIZED_AUTOS = YES_AGGRESSIVE;
				GCC_WARN_UNUSED_FUNCTION = YES;
				GCC_WARN_UNUSED_VARIABLE = YES;
				IPHONEOS_DEPLOYMENT_TARGET = 17.5;
				LOCALIZATION_PREFERS_STRING_CATALOGS = YES;
				MTL_ENABLE_DEBUG_INFO = INCLUDE_SOURCE;
				MTL_FAST_MATH = YES;
				ONLY_ACTIVE_ARCH = YES;
				SDKROOT = iphoneos;
				SWIFT_ACTIVE_COMPILATION_CONDITIONS = "DEBUG $(inherited)";
				SWIFT_OPTIMIZATION_LEVEL = "-Onone";
			};
			name = Debug;
		};
		7CD295D42C1C810200CCB8DD /* Release */ = {
			isa = XCBuildConfiguration;
			buildSettings = {
				ALWAYS_SEARCH_USER_PATHS = NO;
				ASSETCATALOG_COMPILER_GENERATE_SWIFT_ASSET_SYMBOL_EXTENSIONS = YES;
				CLANG_ANALYZER_NONNULL = YES;
				CLANG_ANALYZER_NUMBER_OBJECT_CONVERSION = YES_AGGRESSIVE;
				CLANG_CXX_LANGUAGE_STANDARD = "gnu++20";
				CLANG_ENABLE_MODULES = YES;
				CLANG_ENABLE_OBJC_ARC = YES;
				CLANG_ENABLE_OBJC_WEAK = YES;
				CLANG_WARN_BLOCK_CAPTURE_AUTORELEASING = YES;
				CLANG_WARN_BOOL_CONVERSION = YES;
				CLANG_WARN_COMMA = YES;
				CLANG_WARN_CONSTANT_CONVERSION = YES;
				CLANG_WARN_DEPRECATED_OBJC_IMPLEMENTATIONS = YES;
				CLANG_WARN_DIRECT_OBJC_ISA_USAGE = YES_ERROR;
				CLANG_WARN_DOCUMENTATION_COMMENTS = YES;
				CLANG_WARN_EMPTY_BODY = YES;
				CLANG_WARN_ENUM_CONVERSION = YES;
				CLANG_WARN_INFINITE_RECURSION = YES;
				CLANG_WARN_INT_CONVERSION = YES;
				CLANG_WARN_NON_LITERAL_NULL_CONVERSION = YES;
				CLANG_WARN_OBJC_IMPLICIT_RETAIN_SELF = YES;
				CLANG_WARN_OBJC_LITERAL_CONVERSION = YES;
				CLANG_WARN_OBJC_ROOT_CLASS = YES_ERROR;
				CLANG_WARN_QUOTED_INCLUDE_IN_FRAMEWORK_HEADER = YES;
				CLANG_WARN_RANGE_LOOP_ANALYSIS = YES;
				CLANG_WARN_STRICT_PROTOTYPES = YES;
				CLANG_WARN_SUSPICIOUS_MOVE = YES;
				CLANG_WARN_UNGUARDED_AVAILABILITY = YES_AGGRESSIVE;
				CLANG_WARN_UNREACHABLE_CODE = YES;
				CLANG_WARN__DUPLICATE_METHOD_MATCH = YES;
				COPY_PHASE_STRIP = NO;
				DEBUG_INFORMATION_FORMAT = "dwarf-with-dsym";
				ENABLE_NS_ASSERTIONS = NO;
				ENABLE_STRICT_OBJC_MSGSEND = YES;
				ENABLE_USER_SCRIPT_SANDBOXING = YES;
				GCC_C_LANGUAGE_STANDARD = gnu17;
				GCC_NO_COMMON_BLOCKS = YES;
				GCC_WARN_64_TO_32_BIT_CONVERSION = YES;
				GCC_WARN_ABOUT_RETURN_TYPE = YES_ERROR;
				GCC_WARN_UNDECLARED_SELECTOR = YES;
				GCC_WARN_UNINITIALIZED_AUTOS = YES_AGGRESSIVE;
				GCC_WARN_UNUSED_FUNCTION = YES;
				GCC_WARN_UNUSED_VARIABLE = YES;
				IPHONEOS_DEPLOYMENT_TARGET = 17.5;
				LOCALIZATION_PREFERS_STRING_CATALOGS = YES;
				MTL_ENABLE_DEBUG_INFO = NO;
				MTL_FAST_MATH = YES;
				SDKROOT = iphoneos;
				SWIFT_COMPILATION_MODE = wholemodule;
				VALIDATE_PRODUCT = YES;
			};
			name = Release;
		};
		7CD295D62C1C810200CCB8DD /* Debug */ = {
			isa = XCBuildConfiguration;
			buildSettings = {
				ASSETCATALOG_COMPILER_APPICON_NAME = AppIcon;
				ASSETCATALOG_COMPILER_GLOBAL_ACCENT_COLOR_NAME = AccentColor;
				CODE_SIGN_STYLE = Automatic;
				CURRENT_PROJECT_VERSION = 1;
				DEVELOPMENT_ASSET_PATHS = "\"Clock/Preview Content\"";
				DEVELOPMENT_TEAM = UEU554Y4FN;
				ENABLE_PREVIEWS = YES;
				GENERATE_INFOPLIST_FILE = YES;
				INFOPLIST_KEY_UIApplicationSceneManifest_Generation = YES;
				INFOPLIST_KEY_UIApplicationSupportsIndirectInputEvents = YES;
				INFOPLIST_KEY_UILaunchScreen_Generation = YES;
				INFOPLIST_KEY_UISupportedInterfaceOrientations_iPad = "UIInterfaceOrientationPortrait UIInterfaceOrientationPortraitUpsideDown UIInterfaceOrientationLandscapeLeft UIInterfaceOrientationLandscapeRight";
				INFOPLIST_KEY_UISupportedInterfaceOrientations_iPhone = "UIInterfaceOrientationPortrait UIInterfaceOrientationLandscapeLeft UIInterfaceOrientationLandscapeRight";
				LD_RUNPATH_SEARCH_PATHS = (
					"$(inherited)",
					"@executable_path/Frameworks",
				);
				MARKETING_VERSION = 1.0;
				PRODUCT_BUNDLE_IDENTIFIER = com.jms.Clock;
				PRODUCT_NAME = "$(TARGET_NAME)";
				SWIFT_EMIT_LOC_STRINGS = YES;
				SWIFT_VERSION = 5.0;
				TARGETED_DEVICE_FAMILY = "1,2";
			};
			name = Debug;
		};
		7CD295D72C1C810200CCB8DD /* Release */ = {
			isa = XCBuildConfiguration;
			buildSettings = {
				ASSETCATALOG_COMPILER_APPICON_NAME = AppIcon;
				ASSETCATALOG_COMPILER_GLOBAL_ACCENT_COLOR_NAME = AccentColor;
				CODE_SIGN_STYLE = Automatic;
				CURRENT_PROJECT_VERSION = 1;
				DEVELOPMENT_ASSET_PATHS = "\"Clock/Preview Content\"";
				DEVELOPMENT_TEAM = UEU554Y4FN;
				ENABLE_PREVIEWS = YES;
				GENERATE_INFOPLIST_FILE = YES;
				INFOPLIST_KEY_UIApplicationSceneManifest_Generation = YES;
				INFOPLIST_KEY_UIApplicationSupportsIndirectInputEvents = YES;
				INFOPLIST_KEY_UILaunchScreen_Generation = YES;
				INFOPLIST_KEY_UISupportedInterfaceOrientations_iPad = "UIInterfaceOrientationPortrait UIInterfaceOrientationPortraitUpsideDown UIInterfaceOrientationLandscapeLeft UIInterfaceOrientationLandscapeRight";
				INFOPLIST_KEY_UISupportedInterfaceOrientations_iPhone = "UIInterfaceOrientationPortrait UIInterfaceOrientationLandscapeLeft UIInterfaceOrientationLandscapeRight";
				LD_RUNPATH_SEARCH_PATHS = (
					"$(inherited)",
					"@executable_path/Frameworks",
				);
				MARKETING_VERSION = 1.0;
				PRODUCT_BUNDLE_IDENTIFIER = com.jms.Clock;
				PRODUCT_NAME = "$(TARGET_NAME)";
				SWIFT_EMIT_LOC_STRINGS = YES;
				SWIFT_VERSION = 5.0;
				TARGETED_DEVICE_FAMILY = "1,2";
			};
			name = Release;
		};
		7CD295D92C1C810200CCB8DD /* Debug */ = {
			isa = XCBuildConfiguration;
			buildSettings = {
				ALWAYS_EMBED_SWIFT_STANDARD_LIBRARIES = YES;
				BUNDLE_LOADER = "$(TEST_HOST)";
				CODE_SIGN_STYLE = Automatic;
				CURRENT_PROJECT_VERSION = 1;
				DEVELOPMENT_TEAM = UEU554Y4FN;
				GENERATE_INFOPLIST_FILE = YES;
				IPHONEOS_DEPLOYMENT_TARGET = 17.5;
				MARKETING_VERSION = 1.0;
				PRODUCT_BUNDLE_IDENTIFIER = com.jms.ClockTests;
				PRODUCT_NAME = "$(TARGET_NAME)";
				SWIFT_EMIT_LOC_STRINGS = NO;
				SWIFT_VERSION = 5.0;
				TARGETED_DEVICE_FAMILY = "1,2";
				TEST_HOST = "$(BUILT_PRODUCTS_DIR)/Clock.app/$(BUNDLE_EXECUTABLE_FOLDER_PATH)/Clock";
			};
			name = Debug;
		};
		7CD295DA2C1C810200CCB8DD /* Release */ = {
			isa = XCBuildConfiguration;
			buildSettings = {
				ALWAYS_EMBED_SWIFT_STANDARD_LIBRARIES = YES;
				BUNDLE_LOADER = "$(TEST_HOST)";
				CODE_SIGN_STYLE = Automatic;
				CURRENT_PROJECT_VERSION = 1;
				DEVELOPMENT_TEAM = UEU554Y4FN;
				GENERATE_INFOPLIST_FILE = YES;
				IPHONEOS_DEPLOYMENT_TARGET = 17.5;
				MARKETING_VERSION = 1.0;
				PRODUCT_BUNDLE_IDENTIFIER = com.jms.ClockTests;
				PRODUCT_NAME = "$(TARGET_NAME)";
				SWIFT_EMIT_LOC_STRINGS = NO;
				SWIFT_VERSION = 5.0;
				TARGETED_DEVICE_FAMILY = "1,2";
				TEST_HOST = "$(BUILT_PRODUCTS_DIR)/Clock.app/$(BUNDLE_EXECUTABLE_FOLDER_PATH)/Clock";
			};
			name = Release;
		};
		7CD295DC2C1C810200CCB8DD /* Debug */ = {
			isa = XCBuildConfiguration;
			buildSettings = {
				ALWAYS_EMBED_SWIFT_STANDARD_LIBRARIES = YES;
				CODE_SIGN_STYLE = Automatic;
				CURRENT_PROJECT_VERSION = 1;
				DEVELOPMENT_TEAM = UEU554Y4FN;
				GENERATE_INFOPLIST_FILE = YES;
				MARKETING_VERSION = 1.0;
				PRODUCT_BUNDLE_IDENTIFIER = com.jms.ClockUITests;
				PRODUCT_NAME = "$(TARGET_NAME)";
				SWIFT_EMIT_LOC_STRINGS = NO;
				SWIFT_VERSION = 5.0;
				TARGETED_DEVICE_FAMILY = "1,2";
				TEST_TARGET_NAME = Clock;
			};
			name = Debug;
		};
		7CD295DD2C1C810200CCB8DD /* Release */ = {
			isa = XCBuildConfiguration;
			buildSettings = {
				ALWAYS_EMBED_SWIFT_STANDARD_LIBRARIES = YES;
				CODE_SIGN_STYLE = Automatic;
				CURRENT_PROJECT_VERSION = 1;
				DEVELOPMENT_TEAM = UEU554Y4FN;
				GENERATE_INFOPLIST_FILE = YES;
				MARKETING_VERSION = 1.0;
				PRODUCT_BUNDLE_IDENTIFIER = com.jms.ClockUITests;
				PRODUCT_NAME = "$(TARGET_NAME)";
				SWIFT_EMIT_LOC_STRINGS = NO;
				SWIFT_VERSION = 5.0;
				TARGETED_DEVICE_FAMILY = "1,2";
				TEST_TARGET_NAME = Clock;
			};
			name = Release;
		};
/* End XCBuildConfiguration section */

/* Begin XCConfigurationList section */
		7CD295AC2C1C810100CCB8DD /* Build configuration list for PBXProject "Clock" */ = {
			isa = XCConfigurationList;
			buildConfigurations = (
				7CD295D32C1C810200CCB8DD /* Debug */,
				7CD295D42C1C810200CCB8DD /* Release */,
			);
			defaultConfigurationIsVisible = 0;
			defaultConfigurationName = Release;
		};
		7CD295D52C1C810200CCB8DD /* Build configuration list for PBXNativeTarget "Clock" */ = {
			isa = XCConfigurationList;
			buildConfigurations = (
				7CD295D62C1C810200CCB8DD /* Debug */,
				7CD295D72C1C810200CCB8DD /* Release */,
			);
			defaultConfigurationIsVisible = 0;
			defaultConfigurationName = Release;
		};
		7CD295D82C1C810200CCB8DD /* Build configuration list for PBXNativeTarget "ClockTests" */ = {
			isa = XCConfigurationList;
			buildConfigurations = (
				7CD295D92C1C810200CCB8DD /* Debug */,
				7CD295DA2C1C810200CCB8DD /* Release */,
			);
			defaultConfigurationIsVisible = 0;
			defaultConfigurationName = Release;
		};
		7CD295DB2C1C810200CCB8DD /* Build configuration list for PBXNativeTarget "ClockUITests" */ = {
			isa = XCConfigurationList;
			buildConfigurations = (
				7CD295DC2C1C810200CCB8DD /* Debug */,
				7CD295DD2C1C810200CCB8DD /* Release */,
			);
			defaultConfigurationIsVisible = 0;
			defaultConfigurationName = Release;
		};
/* End XCConfigurationList section */
	};
	rootObject = 7CD295A92C1C810100CCB8DD /* Project object */;
}
